
Microsoft Visual Studio Solution File, Format Version 12.00
# Visual Studio Version 17
VisualStudioVersion = 17.3.32929.385
MinimumVisualStudioVersion = 10.0.40219.1
Project("{9A19103F-16F7-4668-BE54-9A1E7A4F7556}") = "test.api", "test\test.api.csproj", "{C607DBEB-8069-43DB-BA2C-C4D2379CD1E3}"
EndProject
Project("{2150E333-8FDC-42A3-9474-1A3956D46DE8}") = "Hosts", "Hosts", "{D2791042-77EF-46AE-8045-B0D50BC60BF9}"
EndProject
Project("{2150E333-8FDC-42A3-9474-1A3956D46DE8}") = "api", "api", "{F2980FC6-6A1D-4B7B-A3F9-3B544ED65848}"
EndProject
Project("{2150E333-8FDC-42A3-9474-1A3956D46DE8}") = "Context", "Context", "{8E9AECD7-1672-4607-8C28-BA442F1FA5B6}"
EndProject
Project("{2150E333-8FDC-42A3-9474-1A3956D46DE8}") = "Core", "Core", "{3F9ACD72-16C5-46AF-96E9-BBA78CADECC8}"
EndProject
Project("{2150E333-8FDC-42A3-9474-1A3956D46DE8}") = "Services", "Services", "{A68EDF37-B183-4225-9AC8-D5027B5EAFB5}"
EndProject
Project("{9A19103F-16F7-4668-BE54-9A1E7A4F7556}") = "Test.Context", "Context\Test.Context\Test.Context.csproj", "{26D06B34-87A4-4E66-BBB9-17BFDB18F373}"
EndProject
Project("{9A19103F-16F7-4668-BE54-9A1E7A4F7556}") = "Test.Core", "Core\Test.Core\Test.Core.csproj", "{7E15A8D4-3050-4AF1-BBA3-F440B57D04FF}"
EndProject
Project("{9A19103F-16F7-4668-BE54-9A1E7A4F7556}") = "Test.Core.Interfaces", "Core\Test.Core.Interfaces\Test.Core.Interfaces.csproj", "{EEBB7075-0E9D-4484-8EF0-CB9AF13B1DB3}"
EndProject
Project("{9A19103F-16F7-4668-BE54-9A1E7A4F7556}") = "Test.Core.Models", "Core\Test.Core.Models\Test.Core.Models.csproj", "{4E73B975-68B2-4C08-B191-BD9485FF9084}"
EndProject
Project("{2150E333-8FDC-42A3-9474-1A3956D46DE8}") = "Tests", "Tests", "{6C2DC012-9A4B-4AF0-9FA1-FF7AF0B689C8}"
EndProject
Project("{9A19103F-16F7-4668-BE54-9A1E7A4F7556}") = "Test.Intergrational.Tests", "Core\Tests\Test.Intergrational.Tests\Test.Intergrational.Tests.csproj", "{BD403103-1FD1-4F27-B01F-3B555A467842}"
EndProject
Project("{9A19103F-16F7-4668-BE54-9A1E7A4F7556}") = "Test.Unit.Tests", "Core\Tests\Test.Unit.Tests\Test.Unit.Tests.csproj", "{0592663D-12A3-4287-A151-1BC3121E4FB0}"
EndProject
Project("{9A19103F-16F7-4668-BE54-9A1E7A4F7556}") = "Test.BusinessLogic", "Services\Test.BusinessLogic\Test.BusinessLogic.csproj", "{F85CD12D-AE91-4D94-88C3-B1D371908C99}"
EndProject
Project("{9A19103F-16F7-4668-BE54-9A1E7A4F7556}") = "Test.BusinessLogic.Interfaces", "Services\Test.BusinessLogic.Interfaces\Test.BusinessLogic.Interfaces.csproj", "{1224B700-CD8A-4FBE-B7B5-04CA27B95639}"
EndProject
Project("{9A19103F-16F7-4668-BE54-9A1E7A4F7556}") = "Test.BusinessLogic.Models", "Services\Test.BusinessLogic.Models\Test.BusinessLogic.Models.csproj", "{F2E84A03-5B7D-4E2D-90EE-C19A883C9D02}"
EndProject
Project("{2150E333-8FDC-42A3-9474-1A3956D46DE8}") = "Tests", "Tests", "{2A3F2287-0E63-422D-8551-D4D21B7829FA}"
EndProject
Project("{9A19103F-16F7-4668-BE54-9A1E7A4F7556}") = "Test.BusinessLogic.Intergration.Tests", "Services\Tests\Test.BusinessLogic.Intergration.Tests\Test.BusinessLogic.Intergration.Tests.csproj", "{491ED7FD-26BB-4349-BFFC-BB220B3B1793}"
EndProject
Project("{9A19103F-16F7-4668-BE54-9A1E7A4F7556}") = "Test.BusinessLogic.Unit.Tests", "Services\Tests\Test.BusinessLogic.Unit.Tests\Test.BusinessLogic.Unit.Tests.csproj", "{AEFC4F23-42D5-46D9-8571-B67D7D4D7DF6}"
EndProject
Global
	GlobalSection(SolutionConfigurationPlatforms) = preSolution
		Debug|Any CPU = Debug|Any CPU
		Release|Any CPU = Release|Any CPU
	EndGlobalSection
	GlobalSection(ProjectConfigurationPlatforms) = postSolution
		{C607DBEB-8069-43DB-BA2C-C4D2379CD1E3}.Debug|Any CPU.ActiveCfg = Debug|Any CPU
		{C607DBEB-8069-43DB-BA2C-C4D2379CD1E3}.Debug|Any CPU.Build.0 = Debug|Any CPU
		{C607DBEB-8069-43DB-BA2C-C4D2379CD1E3}.Release|Any CPU.ActiveCfg = Release|Any CPU
		{C607DBEB-8069-43DB-BA2C-C4D2379CD1E3}.Release|Any CPU.Build.0 = Release|Any CPU
		{26D06B34-87A4-4E66-BBB9-17BFDB18F373}.Debug|Any CPU.ActiveCfg = Debug|Any CPU
		{26D06B34-87A4-4E66-BBB9-17BFDB18F373}.Debug|Any CPU.Build.0 = Debug|Any CPU
		{26D06B34-87A4-4E66-BBB9-17BFDB18F373}.Release|Any CPU.ActiveCfg = Release|Any CPU
		{26D06B34-87A4-4E66-BBB9-17BFDB18F373}.Release|Any CPU.Build.0 = Release|Any CPU
		{7E15A8D4-3050-4AF1-BBA3-F440B57D04FF}.Debug|Any CPU.ActiveCfg = Debug|Any CPU
		{7E15A8D4-3050-4AF1-BBA3-F440B57D04FF}.Debug|Any CPU.Build.0 = Debug|Any CPU
		{7E15A8D4-3050-4AF1-BBA3-F440B57D04FF}.Release|Any CPU.ActiveCfg = Release|Any CPU
		{7E15A8D4-3050-4AF1-BBA3-F440B57D04FF}.Release|Any CPU.Build.0 = Release|Any CPU
		{EEBB7075-0E9D-4484-8EF0-CB9AF13B1DB3}.Debug|Any CPU.ActiveCfg = Debug|Any CPU
		{EEBB7075-0E9D-4484-8EF0-CB9AF13B1DB3}.Debug|Any CPU.Build.0 = Debug|Any CPU
		{EEBB7075-0E9D-4484-8EF0-CB9AF13B1DB3}.Release|Any CPU.ActiveCfg = Release|Any CPU
		{EEBB7075-0E9D-4484-8EF0-CB9AF13B1DB3}.Release|Any CPU.Build.0 = Release|Any CPU
		{4E73B975-68B2-4C08-B191-BD9485FF9084}.Debug|Any CPU.ActiveCfg = Debug|Any CPU
		{4E73B975-68B2-4C08-B191-BD9485FF9084}.Debug|Any CPU.Build.0 = Debug|Any CPU
		{4E73B975-68B2-4C08-B191-BD9485FF9084}.Release|Any CPU.ActiveCfg = Release|Any CPU
		{4E73B975-68B2-4C08-B191-BD9485FF9084}.Release|Any CPU.Build.0 = Release|Any CPU
		{BD403103-1FD1-4F27-B01F-3B555A467842}.Debug|Any CPU.ActiveCfg = Debug|Any CPU
		{BD403103-1FD1-4F27-B01F-3B555A467842}.Debug|Any CPU.Build.0 = Debug|Any CPU
		{BD403103-1FD1-4F27-B01F-3B555A467842}.Release|Any CPU.ActiveCfg = Release|Any CPU
		{BD403103-1FD1-4F27-B01F-3B555A467842}.Release|Any CPU.Build.0 = Release|Any CPU
		{0592663D-12A3-4287-A151-1BC3121E4FB0}.Debug|Any CPU.ActiveCfg = Debug|Any CPU
		{0592663D-12A3-4287-A151-1BC3121E4FB0}.Debug|Any CPU.Build.0 = Debug|Any CPU
		{0592663D-12A3-4287-A151-1BC3121E4FB0}.Release|Any CPU.ActiveCfg = Release|Any CPU
		{0592663D-12A3-4287-A151-1BC3121E4FB0}.Release|Any CPU.Build.0 = Release|Any CPU
		{F85CD12D-AE91-4D94-88C3-B1D371908C99}.Debug|Any CPU.ActiveCfg = Debug|Any CPU
		{F85CD12D-AE91-4D94-88C3-B1D371908C99}.Debug|Any CPU.Build.0 = Debug|Any CPU
		{F85CD12D-AE91-4D94-88C3-B1D371908C99}.Release|Any CPU.ActiveCfg = Release|Any CPU
		{F85CD12D-AE91-4D94-88C3-B1D371908C99}.Release|Any CPU.Build.0 = Release|Any CPU
		{1224B700-CD8A-4FBE-B7B5-04CA27B95639}.Debug|Any CPU.ActiveCfg = Debug|Any CPU
		{1224B700-CD8A-4FBE-B7B5-04CA27B95639}.Debug|Any CPU.Build.0 = Debug|Any CPU
		{1224B700-CD8A-4FBE-B7B5-04CA27B95639}.Release|Any CPU.ActiveCfg = Release|Any CPU
		{1224B700-CD8A-4FBE-B7B5-04CA27B95639}.Release|Any CPU.Build.0 = Release|Any CPU
		{F2E84A03-5B7D-4E2D-90EE-C19A883C9D02}.Debug|Any CPU.ActiveCfg = Debug|Any CPU
		{F2E84A03-5B7D-4E2D-90EE-C19A883C9D02}.Debug|Any CPU.Build.0 = Debug|Any CPU
		{F2E84A03-5B7D-4E2D-90EE-C19A883C9D02}.Release|Any CPU.ActiveCfg = Release|Any CPU
		{F2E84A03-5B7D-4E2D-90EE-C19A883C9D02}.Release|Any CPU.Build.0 = Release|Any CPU
		{491ED7FD-26BB-4349-BFFC-BB220B3B1793}.Debug|Any CPU.ActiveCfg = Debug|Any CPU
		{491ED7FD-26BB-4349-BFFC-BB220B3B1793}.Debug|Any CPU.Build.0 = Debug|Any CPU
		{491ED7FD-26BB-4349-BFFC-BB220B3B1793}.Release|Any CPU.ActiveCfg = Release|Any CPU
		{491ED7FD-26BB-4349-BFFC-BB220B3B1793}.Release|Any CPU.Build.0 = Release|Any CPU
		{AEFC4F23-42D5-46D9-8571-B67D7D4D7DF6}.Debug|Any CPU.ActiveCfg = Debug|Any CPU
		{AEFC4F23-42D5-46D9-8571-B67D7D4D7DF6}.Debug|Any CPU.Build.0 = Debug|Any CPU
		{AEFC4F23-42D5-46D9-8571-B67D7D4D7DF6}.Release|Any CPU.ActiveCfg = Release|Any CPU
		{AEFC4F23-42D5-46D9-8571-B67D7D4D7DF6}.Release|Any CPU.Build.0 = Release|Any CPU
	EndGlobalSection
	GlobalSection(SolutionProperties) = preSolution
		HideSolutionNode = FALSE
	EndGlobalSection
	GlobalSection(NestedProjects) = preSolution
		{C607DBEB-8069-43DB-BA2C-C4D2379CD1E3} = {F2980FC6-6A1D-4B7B-A3F9-3B544ED65848}
		{F2980FC6-6A1D-4B7B-A3F9-3B544ED65848} = {D2791042-77EF-46AE-8045-B0D50BC60BF9}
		{26D06B34-87A4-4E66-BBB9-17BFDB18F373} = {8E9AECD7-1672-4607-8C28-BA442F1FA5B6}
		{7E15A8D4-3050-4AF1-BBA3-F440B57D04FF} = {3F9ACD72-16C5-46AF-96E9-BBA78CADECC8}
		{EEBB7075-0E9D-4484-8EF0-CB9AF13B1DB3} = {3F9ACD72-16C5-46AF-96E9-BBA78CADECC8}
		{4E73B975-68B2-4C08-B191-BD9485FF9084} = {3F9ACD72-16C5-46AF-96E9-BBA78CADECC8}
		{6C2DC012-9A4B-4AF0-9FA1-FF7AF0B689C8} = {3F9ACD72-16C5-46AF-96E9-BBA78CADECC8}
		{BD403103-1FD1-4F27-B01F-3B555A467842} = {6C2DC012-9A4B-4AF0-9FA1-FF7AF0B689C8}
		{0592663D-12A3-4287-A151-1BC3121E4FB0} = {6C2DC012-9A4B-4AF0-9FA1-FF7AF0B689C8}
		{F85CD12D-AE91-4D94-88C3-B1D371908C99} = {A68EDF37-B183-4225-9AC8-D5027B5EAFB5}
		{1224B700-CD8A-4FBE-B7B5-04CA27B95639} = {A68EDF37-B183-4225-9AC8-D5027B5EAFB5}
		{F2E84A03-5B7D-4E2D-90EE-C19A883C9D02} = {A68EDF37-B183-4225-9AC8-D5027B5EAFB5}
		{2A3F2287-0E63-422D-8551-D4D21B7829FA} = {A68EDF37-B183-4225-9AC8-D5027B5EAFB5}
		{491ED7FD-26BB-4349-BFFC-BB220B3B1793} = {2A3F2287-0E63-422D-8551-D4D21B7829FA}
		{AEFC4F23-42D5-46D9-8571-B67D7D4D7DF6} = {2A3F2287-0E63-422D-8551-D4D21B7829FA}
	EndGlobalSection
	GlobalSection(ExtensibilityGlobals) = postSolution
		SolutionGuid = {6C5C4A31-354E-4D25-8E34-6C198F70DF06}
	EndGlobalSection
EndGlobal
